{
  "projects": [
    {
      "projectId": "98sZpX3o3cqNhorsdtcuRP",
      "version": "latest",
      "dependencies": {},
      "lang": "js",
      "fileLocks": [
        {
          "type": "globalVariant",
          "assetId": "9Br8OmEMLKp",
          "checksum": "644b4cee0dcef07590bc8d206fe7e69f"
        },
        {
          "assetId": "98sZpX3o3cqNhorsdtcuRP",
          "type": "projectCss",
          "checksum": "af02cb1fb9d7486e49bc3dec2a400e09"
        },
        {
          "type": "renderModule",
          "assetId": "-q_QBvGl5y",
          "checksum": "8717326bc9eb2cea6ae8c26738e6308d"
        },
        {
          "type": "cssRules",
          "assetId": "-q_QBvGl5y",
          "checksum": "8717326bc9eb2cea6ae8c26738e6308d"
        },
        {
          "type": "renderModule",
          "assetId": "qt9Pk6jhrB",
          "checksum": "59791a41e403b38d5f90d3309ac72ab6"
        },
        {
          "type": "cssRules",
          "assetId": "qt9Pk6jhrB",
          "checksum": "59791a41e403b38d5f90d3309ac72ab6"
        },
        {
          "type": "renderModule",
          "assetId": "mLhateqyPc",
          "checksum": "c51628c3f95ec6910cdfdf5fcedae19a"
        },
        {
          "type": "cssRules",
          "assetId": "mLhateqyPc",
          "checksum": "c51628c3f95ec6910cdfdf5fcedae19a"
        },
        {
          "type": "renderModule",
          "assetId": "cgySl3z9Tl",
          "checksum": "e5d989eedba3cf7ab45fc517648dff4d"
        },
        {
          "type": "cssRules",
          "assetId": "cgySl3z9Tl",
          "checksum": "e5d989eedba3cf7ab45fc517648dff4d"
        },
        {
          "type": "renderModule",
          "assetId": "EafHuq3iLn",
          "checksum": "be51d6f88405d7389a66bc05269e0f82"
        },
        {
          "type": "cssRules",
          "assetId": "EafHuq3iLn",
          "checksum": "be51d6f88405d7389a66bc05269e0f82"
        },
        {
          "type": "renderModule",
          "assetId": "I6qO5BgoqM",
          "checksum": "551b03c74fb8791f8dae5fc7cf80e2f2"
        },
        {
          "type": "cssRules",
          "assetId": "I6qO5BgoqM",
          "checksum": "551b03c74fb8791f8dae5fc7cf80e2f2"
        },
        {
          "type": "renderModule",
          "assetId": "4P0qTgH7CO",
          "checksum": "f1ab882f2bcd7ba54d0636eb46e90820"
        },
        {
          "type": "cssRules",
          "assetId": "4P0qTgH7CO",
          "checksum": "f1ab882f2bcd7ba54d0636eb46e90820"
        },
        {
          "type": "renderModule",
          "assetId": "MU9qJFn-RL",
          "checksum": "2a7ade88be733e64da6f6884bfb1db49"
        },
        {
          "type": "cssRules",
          "assetId": "MU9qJFn-RL",
          "checksum": "2a7ade88be733e64da6f6884bfb1db49"
        },
        {
          "type": "renderModule",
          "assetId": "4qOweDTZDw",
          "checksum": "1130771d2fc352ea308b5794a00d845a"
        },
        {
          "type": "cssRules",
          "assetId": "4qOweDTZDw",
          "checksum": "1130771d2fc352ea308b5794a00d845a"
        },
        {
          "type": "renderModule",
          "assetId": "b0txedwpKL",
          "checksum": "a5aec16323e835f1952e80a32f431708"
        },
        {
          "type": "cssRules",
          "assetId": "b0txedwpKL",
          "checksum": "a5aec16323e835f1952e80a32f431708"
        },
        {
          "type": "renderModule",
          "assetId": "Lqi7nqTyENV",
          "checksum": "2beaf16221028317fcc82a6ce8b25156"
        },
        {
          "type": "cssRules",
          "assetId": "Lqi7nqTyENV",
          "checksum": "2beaf16221028317fcc82a6ce8b25156"
        },
        {
          "type": "renderModule",
          "assetId": "pCdDmYaj73Q",
          "checksum": "b39c164f7f42f9f81a69bd3e0a9cb694"
        },
        {
          "type": "cssRules",
          "assetId": "pCdDmYaj73Q",
          "checksum": "b39c164f7f42f9f81a69bd3e0a9cb694"
        },
        {
          "type": "renderModule",
          "assetId": "774l4u5epK4",
          "checksum": "e360fb6c7b0030a9175f5513a792ea95"
        },
        {
          "type": "cssRules",
          "assetId": "774l4u5epK4",
          "checksum": "e360fb6c7b0030a9175f5513a792ea95"
        },
        {
          "type": "renderModule",
          "assetId": "iuYUgHhXtPO",
          "checksum": "82735fa358469a3afc6bcfb23d46cbcf"
        },
        {
          "type": "cssRules",
          "assetId": "iuYUgHhXtPO",
          "checksum": "82735fa358469a3afc6bcfb23d46cbcf"
        },
        {
          "type": "renderModule",
          "assetId": "uOplMSPNnBi",
          "checksum": "2d17cdf2377559ca7014d96b57a787c4"
        },
        {
          "type": "cssRules",
          "assetId": "uOplMSPNnBi",
          "checksum": "2d17cdf2377559ca7014d96b57a787c4"
        },
        {
          "type": "renderModule",
          "assetId": "Ke6UH1Zxj-7",
          "checksum": "6c90fda09566fd2705d7777804345e02"
        },
        {
          "type": "cssRules",
          "assetId": "Ke6UH1Zxj-7",
          "checksum": "6c90fda09566fd2705d7777804345e02"
        },
        {
          "type": "renderModule",
          "assetId": "PYNQc5VPXtb",
          "checksum": "81fd186426aec1be05b476b98d48e716"
        },
        {
          "type": "cssRules",
          "assetId": "PYNQc5VPXtb",
          "checksum": "81fd186426aec1be05b476b98d48e716"
        },
        {
          "type": "renderModule",
          "assetId": "y61YZckycO-",
          "checksum": "82988cf4f092054e35844c9f29679f09"
        },
        {
          "type": "cssRules",
          "assetId": "y61YZckycO-",
          "checksum": "82988cf4f092054e35844c9f29679f09"
        },
        {
          "type": "renderModule",
          "assetId": "fuhQ_AMpco",
          "checksum": "585e75ce60a782960914953efea79593"
        },
        {
          "type": "cssRules",
          "assetId": "fuhQ_AMpco",
          "checksum": "585e75ce60a782960914953efea79593"
        },
        {
          "type": "icon",
          "assetId": "sv2b0scVJAK",
          "checksum": "2715c11c15b85a8cd27b9791ebcde5e4"
        },
        {
          "type": "icon",
          "assetId": "TnFkSADxSI7",
          "checksum": "8af4719ad0ad7099f604581fca56a17d"
        },
        {
          "type": "icon",
          "assetId": "8BSl9jc4D9_",
          "checksum": "05b7cd4cb155c0e5b8d91fa42e94d197"
        },
        {
          "type": "icon",
          "assetId": "EFhB4V88YJF",
          "checksum": "f0b66efd0a3f64a4986433e9fd4ec4b9"
        },
        {
          "type": "icon",
          "assetId": "goJU99lEHi",
          "checksum": "eb7802a824ad73804e6298d12e8997a6"
        },
        {
          "type": "icon",
          "assetId": "FpVjr1KwCx",
          "checksum": "b1249b581552e0f340397df931e64d0c"
        },
        {
          "type": "icon",
          "assetId": "cv7IV3QueU_",
          "checksum": "835ad0715823639a8c0669298cd39620"
        },
        {
          "type": "icon",
          "assetId": "sCS5u7zpnI8",
          "checksum": "4d9ab717f07b0e78f0b55384e6a5e3fc"
        },
        {
          "type": "icon",
          "assetId": "5jfgkp-47z6",
          "checksum": "402a82906f9b30e670ab609b798da353"
        },
        {
          "type": "icon",
          "assetId": "6uNDn0X2f4f",
          "checksum": "9cb5c5552147a96c79a59f1aa124ba47"
        },
        {
          "type": "icon",
          "assetId": "FB2R_2ow2v4",
          "checksum": "6f249df25e60c0b11e2983af9c595ce4"
        },
        {
          "type": "icon",
          "assetId": "7aXLWAIaoZ",
          "checksum": "f79d0ebf3741a269bb957d657ff350c1"
        },
        {
          "type": "icon",
          "assetId": "yI0lMqdMR1I",
          "checksum": "c5eeaa2f950c8f38ac65d56d579ba042"
        },
        {
          "type": "icon",
          "assetId": "biiWhOnN_VS",
          "checksum": "654a59c5ae5b72943cd6fdd1e3c19c78"
        },
        {
          "type": "icon",
          "assetId": "bA1IDYE7Ge2",
          "checksum": "c1b3a8c31c43d17a7dee82c27ad7c5d9"
        },
        {
          "type": "icon",
          "assetId": "Nf7EEJMjGTg",
          "checksum": "72fc1a37b59c4400345cd874503549f1"
        },
        {
          "type": "icon",
          "assetId": "FOswI6mv2u1",
          "checksum": "cd1eeec417e2e53b5535ae1679875d78"
        },
        {
          "type": "icon",
          "assetId": "tanMAUZyy",
          "checksum": "ed8be160774b86dff61afb3c977ea3b0"
        },
        {
          "type": "icon",
          "assetId": "v93ec1jKb",
          "checksum": "167e3bddcd2e0da2121428b1b13c5f6a"
        },
        {
          "type": "icon",
          "assetId": "YlewgLVWX",
          "checksum": "2004e9bb1a6d505afa8bbede43bb4872"
        },
        {
          "type": "icon",
          "assetId": "-X0wXOdmG",
          "checksum": "cb234b5c4376f8c1393fb43ceb65c493"
        },
        {
          "type": "icon",
          "assetId": "8R8e7nHTx",
          "checksum": "87c10caeb72d3369f47f8664aab51054"
        },
        {
          "type": "icon",
          "assetId": "m3jK-J1WY",
          "checksum": "e9cdb08a4a8fe7268f6d70d6eeb0e13c"
        },
        {
          "type": "icon",
          "assetId": "a1ujk_WbP",
          "checksum": "bf558321d021458b293fdb81621d199b"
        },
        {
          "type": "icon",
          "assetId": "XNTxjHm25",
          "checksum": "2acb2b05fc6fd4f355b6c0d8f8546361"
        },
        {
          "type": "icon",
          "assetId": "3jSeOuvz6",
          "checksum": "a904adaf0f0d2604f939076b81f56730"
        },
        {
          "type": "icon",
          "assetId": "xFxMcfslv",
          "checksum": "fb2dbca7d9ba2d15076f7542c82d58fe"
        },
        {
          "type": "icon",
          "assetId": "zCvc6BUth",
          "checksum": "170c8b5808ef803f8f9a5f2e1a1f47d2"
        },
        {
          "type": "icon",
          "assetId": "uj-KGbHbP",
          "checksum": "410b489268b5cf472204b47f351d8c3b"
        },
        {
          "type": "icon",
          "assetId": "YggFI12yC",
          "checksum": "93381e98e7475489973415100fdd74fd"
        },
        {
          "type": "icon",
          "assetId": "paPPOylOBpt",
          "checksum": "a34e592549784997d24799ab7b7ae22b"
        },
        {
          "type": "icon",
          "assetId": "djnO_9bi34A",
          "checksum": "10eb660362ce386e1b8a08e05f926443"
        },
        {
          "type": "icon",
          "assetId": "jyf1w-MQ80I",
          "checksum": "d63d9ab0d97415432671d85b2495659e"
        },
        {
          "type": "icon",
          "assetId": "sIXlj-e3g",
          "checksum": "2a88921177f651b4c9e8931022890563"
        },
        {
          "type": "image",
          "assetId": "y6UiKUq7D",
          "checksum": "36081af992e7df42738f4b2148b4f397"
        },
        {
          "type": "image",
          "assetId": "9AntFZxO_",
          "checksum": "6e21f82dfeb4581fab795e7f9f9ddc40"
        },
        {
          "type": "image",
          "assetId": "InxxExKEy",
          "checksum": "b1fb1c24644df75cd58e48fc5b3b6c6c"
        },
        {
          "type": "image",
          "assetId": "5Wil1rf2U",
          "checksum": "b8f6f8f32a6f9d12ce647dd5e6e66d66"
        }
      ],
      "codegenVersion": "0.0.1"
    }
  ],
  "cliVersion": "0.1.170"
}
